
Microsoft Visual Studio Solution File, Format Version 12.00
# Visual Studio 15
VisualStudioVersion = 15.0.27428.2015
MinimumVisualStudioVersion = 10.0.40219.1
Project("{FAE04EC0-301F-11D3-BF4B-00C04F79EFBC}") = "DA.SharedKernel", "DA.SharedKernel\DA.SharedKernel.csproj", "{8B3C073C-4767-4BD0-8CD1-06372AB2204A}"
EndProject
Project("{FAE04EC0-301F-11D3-BF4B-00C04F79EFBC}") = "SharedDatabaseManagement", "SharedDatabaseManagement\SharedDatabaseManagement.csproj", "{1E159B53-B26A-414C-987D-28DE457C32FC}"
EndProject
Project("{2150E333-8FDC-42A3-9474-1A3956D46DE8}") = "DA.TonerJobManagement", "DA.TonerJobManagement", "{2ED34C8E-B788-4212-ABAD-C65127DC921E}"
EndProject
Project("{FAE04EC0-301F-11D3-BF4B-00C04F79EFBC}") = "DA.TonerJobManagement.Core", "DA.TonerJobManagement.Core\DA.TonerJobManagement.Core.csproj", "{64A253EA-8F18-4DCC-B298-F30B303BB61E}"
EndProject
Project("{FAE04EC0-301F-11D3-BF4B-00C04F79EFBC}") = "DA.TonerJobManagement.Data", "DA.TonerJobManagement.Data\DA.TonerJobManagement.Data.csproj", "{EAD678A3-5A6B-4B1F-86CE-B670E5FBF648}"
EndProject
Project("{FAE04EC0-301F-11D3-BF4B-00C04F79EFBC}") = "DA.TonerJobManagement.Core.Test", "DA.TonerJobManagement.Core.Test\DA.TonerJobManagement.Core.Test.csproj", "{ACB97C78-9C1F-4518-8C39-D12FB3730F52}"
EndProject
Project("{FAE04EC0-301F-11D3-BF4B-00C04F79EFBC}") = "DA.TonerJobManagement.Data.IntegrationTest", "DA.TonerJobManagement.Data.IntegrationTest\DA.TonerJobManagement.Data.IntegrationTest.csproj", "{B80B7DDE-7B1C-4DF1-9F25-CE82F8D19244}"
EndProject
Project("{2150E333-8FDC-42A3-9474-1A3956D46DE8}") = "DA.StockManagement", "DA.StockManagement", "{76D26423-DAB6-4AA3-9C27-03BC827034A3}"
EndProject
Project("{FAE04EC0-301F-11D3-BF4B-00C04F79EFBC}") = "DA.StockManagement.Core", "DA.StockManagement.Core\DA.StockManagement.Core.csproj", "{E26A08ED-61ED-42A6-83C4-50C7D0035332}"
EndProject
Project("{FAE04EC0-301F-11D3-BF4B-00C04F79EFBC}") = "DA.StockManagement.Data", "DA.StockManagement.Data\DA.StockManagement.Data.csproj", "{521C6CF9-EE5A-453C-8A86-C87F4EC68B7C}"
EndProject
Project("{FAE04EC0-301F-11D3-BF4B-00C04F79EFBC}") = "DA.StockManagement.Data.IntergrationTest", "DA.StockManagement.Data.IntergrationTest\DA.StockManagement.Data.IntergrationTest.csproj", "{0DECAD2D-D6D3-41B4-923A-F436C8169F4B}"
EndProject
Project("{FAE04EC0-301F-11D3-BF4B-00C04F79EFBC}") = "ConsoleApp", "ConsoleApp\ConsoleApp.csproj", "{C0D96BFF-6F5A-4E0A-9217-B6B5CB3D084A}"
EndProject
Project("{2150E333-8FDC-42A3-9474-1A3956D46DE8}") = "DA.ClientManagement", "DA.ClientManagement", "{23035F66-A367-4CCC-9190-92BC7682095F}"
EndProject
Project("{FAE04EC0-301F-11D3-BF4B-00C04F79EFBC}") = "DA.ClientManagement.Core", "DA.ClientManagement.Core\DA.ClientManagement.Core.csproj", "{12DD692C-5AE2-4077-B1A5-11A22B6F1795}"
EndProject
Project("{FAE04EC0-301F-11D3-BF4B-00C04F79EFBC}") = "DA.ClientManagement.Data", "DA.ClientManagement.Data\DA.ClientManagement.Data.csproj", "{4D1A9BAA-3E42-404F-86E3-E0C6EFDCD5DE}"
EndProject
Project("{FAE04EC0-301F-11D3-BF4B-00C04F79EFBC}") = "WebAPI", "WebAPI\WebAPI.csproj", "{8B406EB8-EE63-41A5-B446-0598455AFCD7}"
EndProject
Global
	GlobalSection(SolutionConfigurationPlatforms) = preSolution
		Debug|Any CPU = Debug|Any CPU
		Release|Any CPU = Release|Any CPU
	EndGlobalSection
	GlobalSection(ProjectConfigurationPlatforms) = postSolution
		{8B3C073C-4767-4BD0-8CD1-06372AB2204A}.Debug|Any CPU.ActiveCfg = Debug|Any CPU
		{8B3C073C-4767-4BD0-8CD1-06372AB2204A}.Debug|Any CPU.Build.0 = Debug|Any CPU
		{8B3C073C-4767-4BD0-8CD1-06372AB2204A}.Release|Any CPU.ActiveCfg = Release|Any CPU
		{8B3C073C-4767-4BD0-8CD1-06372AB2204A}.Release|Any CPU.Build.0 = Release|Any CPU
		{1E159B53-B26A-414C-987D-28DE457C32FC}.Debug|Any CPU.ActiveCfg = Debug|Any CPU
		{1E159B53-B26A-414C-987D-28DE457C32FC}.Debug|Any CPU.Build.0 = Debug|Any CPU
		{1E159B53-B26A-414C-987D-28DE457C32FC}.Release|Any CPU.ActiveCfg = Release|Any CPU
		{1E159B53-B26A-414C-987D-28DE457C32FC}.Release|Any CPU.Build.0 = Release|Any CPU
		{64A253EA-8F18-4DCC-B298-F30B303BB61E}.Debug|Any CPU.ActiveCfg = Debug|Any CPU
		{64A253EA-8F18-4DCC-B298-F30B303BB61E}.Debug|Any CPU.Build.0 = Debug|Any CPU
		{64A253EA-8F18-4DCC-B298-F30B303BB61E}.Release|Any CPU.ActiveCfg = Release|Any CPU
		{64A253EA-8F18-4DCC-B298-F30B303BB61E}.Release|Any CPU.Build.0 = Release|Any CPU
		{EAD678A3-5A6B-4B1F-86CE-B670E5FBF648}.Debug|Any CPU.ActiveCfg = Debug|Any CPU
		{EAD678A3-5A6B-4B1F-86CE-B670E5FBF648}.Debug|Any CPU.Build.0 = Debug|Any CPU
		{EAD678A3-5A6B-4B1F-86CE-B670E5FBF648}.Release|Any CPU.ActiveCfg = Release|Any CPU
		{EAD678A3-5A6B-4B1F-86CE-B670E5FBF648}.Release|Any CPU.Build.0 = Release|Any CPU
		{ACB97C78-9C1F-4518-8C39-D12FB3730F52}.Debug|Any CPU.ActiveCfg = Debug|Any CPU
		{ACB97C78-9C1F-4518-8C39-D12FB3730F52}.Debug|Any CPU.Build.0 = Debug|Any CPU
		{ACB97C78-9C1F-4518-8C39-D12FB3730F52}.Release|Any CPU.ActiveCfg = Release|Any CPU
		{ACB97C78-9C1F-4518-8C39-D12FB3730F52}.Release|Any CPU.Build.0 = Release|Any CPU
		{B80B7DDE-7B1C-4DF1-9F25-CE82F8D19244}.Debug|Any CPU.ActiveCfg = Debug|Any CPU
		{B80B7DDE-7B1C-4DF1-9F25-CE82F8D19244}.Debug|Any CPU.Build.0 = Debug|Any CPU
		{B80B7DDE-7B1C-4DF1-9F25-CE82F8D19244}.Release|Any CPU.ActiveCfg = Release|Any CPU
		{B80B7DDE-7B1C-4DF1-9F25-CE82F8D19244}.Release|Any CPU.Build.0 = Release|Any CPU
		{E26A08ED-61ED-42A6-83C4-50C7D0035332}.Debug|Any CPU.ActiveCfg = Debug|Any CPU
		{E26A08ED-61ED-42A6-83C4-50C7D0035332}.Debug|Any CPU.Build.0 = Debug|Any CPU
		{E26A08ED-61ED-42A6-83C4-50C7D0035332}.Release|Any CPU.ActiveCfg = Release|Any CPU
		{E26A08ED-61ED-42A6-83C4-50C7D0035332}.Release|Any CPU.Build.0 = Release|Any CPU
		{521C6CF9-EE5A-453C-8A86-C87F4EC68B7C}.Debug|Any CPU.ActiveCfg = Debug|Any CPU
		{521C6CF9-EE5A-453C-8A86-C87F4EC68B7C}.Debug|Any CPU.Build.0 = Debug|Any CPU
		{521C6CF9-EE5A-453C-8A86-C87F4EC68B7C}.Release|Any CPU.ActiveCfg = Release|Any CPU
		{521C6CF9-EE5A-453C-8A86-C87F4EC68B7C}.Release|Any CPU.Build.0 = Release|Any CPU
		{0DECAD2D-D6D3-41B4-923A-F436C8169F4B}.Debug|Any CPU.ActiveCfg = Debug|Any CPU
		{0DECAD2D-D6D3-41B4-923A-F436C8169F4B}.Debug|Any CPU.Build.0 = Debug|Any CPU
		{0DECAD2D-D6D3-41B4-923A-F436C8169F4B}.Release|Any CPU.ActiveCfg = Release|Any CPU
		{0DECAD2D-D6D3-41B4-923A-F436C8169F4B}.Release|Any CPU.Build.0 = Release|Any CPU
		{C0D96BFF-6F5A-4E0A-9217-B6B5CB3D084A}.Debug|Any CPU.ActiveCfg = Debug|Any CPU
		{C0D96BFF-6F5A-4E0A-9217-B6B5CB3D084A}.Debug|Any CPU.Build.0 = Debug|Any CPU
		{C0D96BFF-6F5A-4E0A-9217-B6B5CB3D084A}.Release|Any CPU.ActiveCfg = Release|Any CPU
		{C0D96BFF-6F5A-4E0A-9217-B6B5CB3D084A}.Release|Any CPU.Build.0 = Release|Any CPU
		{12DD692C-5AE2-4077-B1A5-11A22B6F1795}.Debug|Any CPU.ActiveCfg = Debug|Any CPU
		{12DD692C-5AE2-4077-B1A5-11A22B6F1795}.Debug|Any CPU.Build.0 = Debug|Any CPU
		{12DD692C-5AE2-4077-B1A5-11A22B6F1795}.Release|Any CPU.ActiveCfg = Release|Any CPU
		{12DD692C-5AE2-4077-B1A5-11A22B6F1795}.Release|Any CPU.Build.0 = Release|Any CPU
		{4D1A9BAA-3E42-404F-86E3-E0C6EFDCD5DE}.Debug|Any CPU.ActiveCfg = Debug|Any CPU
		{4D1A9BAA-3E42-404F-86E3-E0C6EFDCD5DE}.Debug|Any CPU.Build.0 = Debug|Any CPU
		{4D1A9BAA-3E42-404F-86E3-E0C6EFDCD5DE}.Release|Any CPU.ActiveCfg = Release|Any CPU
		{4D1A9BAA-3E42-404F-86E3-E0C6EFDCD5DE}.Release|Any CPU.Build.0 = Release|Any CPU
		{8B406EB8-EE63-41A5-B446-0598455AFCD7}.Debug|Any CPU.ActiveCfg = Debug|Any CPU
		{8B406EB8-EE63-41A5-B446-0598455AFCD7}.Debug|Any CPU.Build.0 = Debug|Any CPU
		{8B406EB8-EE63-41A5-B446-0598455AFCD7}.Release|Any CPU.ActiveCfg = Release|Any CPU
		{8B406EB8-EE63-41A5-B446-0598455AFCD7}.Release|Any CPU.Build.0 = Release|Any CPU
	EndGlobalSection
	GlobalSection(SolutionProperties) = preSolution
		HideSolutionNode = FALSE
	EndGlobalSection
	GlobalSection(NestedProjects) = preSolution
		{64A253EA-8F18-4DCC-B298-F30B303BB61E} = {2ED34C8E-B788-4212-ABAD-C65127DC921E}
		{EAD678A3-5A6B-4B1F-86CE-B670E5FBF648} = {2ED34C8E-B788-4212-ABAD-C65127DC921E}
		{ACB97C78-9C1F-4518-8C39-D12FB3730F52} = {2ED34C8E-B788-4212-ABAD-C65127DC921E}
		{B80B7DDE-7B1C-4DF1-9F25-CE82F8D19244} = {2ED34C8E-B788-4212-ABAD-C65127DC921E}
		{E26A08ED-61ED-42A6-83C4-50C7D0035332} = {76D26423-DAB6-4AA3-9C27-03BC827034A3}
		{521C6CF9-EE5A-453C-8A86-C87F4EC68B7C} = {76D26423-DAB6-4AA3-9C27-03BC827034A3}
		{0DECAD2D-D6D3-41B4-923A-F436C8169F4B} = {76D26423-DAB6-4AA3-9C27-03BC827034A3}
		{12DD692C-5AE2-4077-B1A5-11A22B6F1795} = {23035F66-A367-4CCC-9190-92BC7682095F}
		{4D1A9BAA-3E42-404F-86E3-E0C6EFDCD5DE} = {23035F66-A367-4CCC-9190-92BC7682095F}
	EndGlobalSection
	GlobalSection(ExtensibilityGlobals) = postSolution
		SolutionGuid = {CDD53A6A-7D60-440D-BFAF-0D91EFAF8014}
	EndGlobalSection
EndGlobal
