
Microsoft Visual Studio Solution File, Format Version 12.00
# Visual Studio 15
VisualStudioVersion = 15.0.27428.2015
MinimumVisualStudioVersion = 10.0.40219.1
Project("{FAE04EC0-301F-11D3-BF4B-00C04F79EFBC}") = "DA.SharedKernel", "DA.SharedKernel\DA.SharedKernel.csproj", "{8B3C073C-4767-4BD0-8CD1-06372AB2204A}"
EndProject
Project("{FAE04EC0-301F-11D3-BF4B-00C04F79EFBC}") = "SharedDatabaseManagement", "SharedDatabaseManagement\SharedDatabaseManagement.csproj", "{1E159B53-B26A-414C-987D-28DE457C32FC}"
EndProject
Project("{FAE04EC0-301F-11D3-BF4B-00C04F79EFBC}") = "FrontWeb", "FrontWeb\FrontWeb.csproj", "{1C413D63-D68B-47A1-86C9-199C8A3C0650}"
EndProject
Project("{2150E333-8FDC-42A3-9474-1A3956D46DE8}") = "DA.TonerJobManagement", "DA.TonerJobManagement", "{2ED34C8E-B788-4212-ABAD-C65127DC921E}"
EndProject
Project("{FAE04EC0-301F-11D3-BF4B-00C04F79EFBC}") = "DA.TonerJobManagement.Core", "DA.TonerJobManagement.Core\DA.TonerJobManagement.Core.csproj", "{64A253EA-8F18-4DCC-B298-F30B303BB61E}"
EndProject
Project("{FAE04EC0-301F-11D3-BF4B-00C04F79EFBC}") = "DA.TonerJobManagement.Data", "DA.TonerJobManagement.Data\DA.TonerJobManagement.Data.csproj", "{EAD678A3-5A6B-4B1F-86CE-B670E5FBF648}"
EndProject
Global
	GlobalSection(SolutionConfigurationPlatforms) = preSolution
		Debug|Any CPU = Debug|Any CPU
		Release|Any CPU = Release|Any CPU
	EndGlobalSection
	GlobalSection(ProjectConfigurationPlatforms) = postSolution
		{8B3C073C-4767-4BD0-8CD1-06372AB2204A}.Debug|Any CPU.ActiveCfg = Debug|Any CPU
		{8B3C073C-4767-4BD0-8CD1-06372AB2204A}.Debug|Any CPU.Build.0 = Debug|Any CPU
		{8B3C073C-4767-4BD0-8CD1-06372AB2204A}.Release|Any CPU.ActiveCfg = Release|Any CPU
		{8B3C073C-4767-4BD0-8CD1-06372AB2204A}.Release|Any CPU.Build.0 = Release|Any CPU
		{1E159B53-B26A-414C-987D-28DE457C32FC}.Debug|Any CPU.ActiveCfg = Debug|Any CPU
		{1E159B53-B26A-414C-987D-28DE457C32FC}.Debug|Any CPU.Build.0 = Debug|Any CPU
		{1E159B53-B26A-414C-987D-28DE457C32FC}.Release|Any CPU.ActiveCfg = Release|Any CPU
		{1E159B53-B26A-414C-987D-28DE457C32FC}.Release|Any CPU.Build.0 = Release|Any CPU
		{1C413D63-D68B-47A1-86C9-199C8A3C0650}.Debug|Any CPU.ActiveCfg = Debug|Any CPU
		{1C413D63-D68B-47A1-86C9-199C8A3C0650}.Debug|Any CPU.Build.0 = Debug|Any CPU
		{1C413D63-D68B-47A1-86C9-199C8A3C0650}.Release|Any CPU.ActiveCfg = Release|Any CPU
		{1C413D63-D68B-47A1-86C9-199C8A3C0650}.Release|Any CPU.Build.0 = Release|Any CPU
		{64A253EA-8F18-4DCC-B298-F30B303BB61E}.Debug|Any CPU.ActiveCfg = Debug|Any CPU
		{64A253EA-8F18-4DCC-B298-F30B303BB61E}.Debug|Any CPU.Build.0 = Debug|Any CPU
		{64A253EA-8F18-4DCC-B298-F30B303BB61E}.Release|Any CPU.ActiveCfg = Release|Any CPU
		{64A253EA-8F18-4DCC-B298-F30B303BB61E}.Release|Any CPU.Build.0 = Release|Any CPU
		{EAD678A3-5A6B-4B1F-86CE-B670E5FBF648}.Debug|Any CPU.ActiveCfg = Debug|Any CPU
		{EAD678A3-5A6B-4B1F-86CE-B670E5FBF648}.Debug|Any CPU.Build.0 = Debug|Any CPU
		{EAD678A3-5A6B-4B1F-86CE-B670E5FBF648}.Release|Any CPU.ActiveCfg = Release|Any CPU
		{EAD678A3-5A6B-4B1F-86CE-B670E5FBF648}.Release|Any CPU.Build.0 = Release|Any CPU
	EndGlobalSection
	GlobalSection(SolutionProperties) = preSolution
		HideSolutionNode = FALSE
	EndGlobalSection
	GlobalSection(NestedProjects) = preSolution
		{64A253EA-8F18-4DCC-B298-F30B303BB61E} = {2ED34C8E-B788-4212-ABAD-C65127DC921E}
		{EAD678A3-5A6B-4B1F-86CE-B670E5FBF648} = {2ED34C8E-B788-4212-ABAD-C65127DC921E}
	EndGlobalSection
	GlobalSection(ExtensibilityGlobals) = postSolution
		SolutionGuid = {CDD53A6A-7D60-440D-BFAF-0D91EFAF8014}
	EndGlobalSection
EndGlobal
